
Microsoft Visual Studio Solution File, Format Version 12.00
# Visual Studio Version 17
VisualStudioVersion = 17.4.33403.182
MinimumVisualStudioVersion = 10.0.40219.1
Project("{FAE04EC0-301F-11D3-BF4B-00C04F79EFBC}") = "cmdOS", "cmdOS.csproj", "{776D463B-6291-47FB-9C35-EFD9636C3B3A}"
EndProject
Global
	GlobalSection(SolutionConfigurationPlatforms) = preSolution
		Debug|Any CPU = Debug|Any CPU
		Release|Any CPU = Release|Any CPU
	EndGlobalSection
	GlobalSection(ProjectConfigurationPlatforms) = postSolution
		{776D463B-6291-47FB-9C35-EFD9636C3B3A}.Debug|Any CPU.ActiveCfg = Debug|Any CPU
		{776D463B-6291-47FB-9C35-EFD9636C3B3A}.Debug|Any CPU.Build.0 = Debug|Any CPU
		{776D463B-6291-47FB-9C35-EFD9636C3B3A}.Release|Any CPU.ActiveCfg = Release|Any CPU
		{776D463B-6291-47FB-9C35-EFD9636C3B3A}.Release|Any CPU.Build.0 = Release|Any CPU
	EndGlobalSection
	GlobalSection(SolutionProperties) = preSolution
		HideSolutionNode = FALSE
	EndGlobalSection
	GlobalSection(ExtensibilityGlobals) = postSolution
		SolutionGuid = {13A99380-DD4B-4372-BCC3-9840456338F8}
	EndGlobalSection
EndGlobal
